{
    "_readme": [
        "This file locks the dependencies of your project to a known state",
        "Read more about it at https://getcomposer.org/doc/01-basic-usage.md#installing-dependencies",
        "This file is @generated automatically"
    ],
    "content-hash": "e2383f4cd35527b6d95fd154a8cd06a4",
    "packages": [
        {
            "name": "apirone/apirone-api-php",
            "version": "1.1.3",
            "source": {
                "type": "git",
                "url": "https://github.com/Apirone/apirone-api-php.git",
                "reference": "0c2326bc5bf0fea66459bc8bb33810de8b803bad"
            },
            "dist": {
                "type": "zip",
                "url": "https://api.github.com/repos/Apirone/apirone-api-php/zipball/0c2326bc5bf0fea66459bc8bb33810de8b803bad",
                "reference": "0c2326bc5bf0fea66459bc8bb33810de8b803bad",
                "shasum": ""
            },
            "require": {
                "ext-curl": "*",
                "ext-json": "*",
                "php": ">=7.4"
            },
            "type": "library",
            "autoload": {
                "psr-4": {
                    "Apirone\\API\\": "src/"
                }
            },
            "notification-url": "https://packagist.org/downloads/",
            "license": [
                "MIT"
            ],
            "authors": [
                {
                    "name": "alex",
                    "email": "alex.zaytseff@gmail.com"
                }
            ],
            "description": "Apirone API Client",
            "homepage": "https://github.com/Apirone/apirone-api-php",
            "keywords": [
                "Apirone",
                "DOGE",
                "api",
                "bch",
                "bitcoin",
                "btc",
                "crypto",
                "cryptocurrency",
                "ltc"
            ],
            "support": {
                "issues": "https://github.com/Apirone/apirone-api-php/issues",
                "source": "https://github.com/Apirone/apirone-api-php/tree/1.1.3"
            },
            "time": "2025-04-17T06:40:05+00:00"
        },
        {
            "name": "apirone/apirone-sdk-php",
            "version": "2.0-rc.16",
            "source": {
                "type": "git",
                "url": "https://github.com/Apirone/apirone-sdk-php.git",
                "reference": "ea24416f4dc01315cacd24432868248d4b70f530"
            },
            "dist": {
                "type": "zip",
                "url": "https://api.github.com/repos/Apirone/apirone-sdk-php/zipball/ea24416f4dc01315cacd24432868248d4b70f530",
                "reference": "ea24416f4dc01315cacd24432868248d4b70f530",
                "shasum": ""
            },
            "require": {
                "apirone/apirone-api-php": "^1.1"
            },
            "type": "library",
            "autoload": {
                "psr-4": {
                    "Apirone\\SDK\\": "src"
                }
            },
            "notification-url": "https://packagist.org/downloads/",
            "license": [
                "MIT"
            ],
            "authors": [
                {
                    "name": "alex",
                    "email": "alex.zaytseff@gmail.com"
                }
            ],
            "description": "Apirone SDK",
            "homepage": "https://github.com/Apirone/apirone-sdk-php",
            "keywords": [
                "Apirone",
                "DOGE",
                "api",
                "bch",
                "bitcoin",
                "btc",
                "crypto",
                "cryptocurrency",
                "ltc",
                "sdk"
            ],
            "support": {
                "issues": "https://github.com/Apirone/apirone-sdk-php/issues",
                "source": "https://github.com/Apirone/apirone-sdk-php/tree/2.0-rc.16"
            },
            "time": "2025-12-01T07:06:48+00:00"
        }
    ],
    "packages-dev": [],
    "aliases": [],
    "minimum-stability": "RC",
    "stability-flags": {},
    "prefer-stable": false,
    "prefer-lowest": false,
    "platform": {},
    "platform-dev": {},
    "plugin-api-version": "2.6.0"
}
